{
  "name": "hono-sse",
  "lockfileVersion": 3,
  "requires": true,
  "packages": {
    "": {
      "devDependencies": {
        "turbo": "^1.10.16"
      }
    },
    "node_modules/turbo": {
      "version": "1.10.16",
      "resolved": "https://registry.npmjs.org/turbo/-/turbo-1.10.16.tgz",
      "integrity": "sha512-2CEaK4FIuSZiP83iFa9GqMTQhroW2QryckVqUydmg4tx78baftTOS0O+oDAhvo9r9Nit4xUEtC1RAHoqs6ZEtg==",
      "dev": true,
      "bin": {
        "turbo": "bin/turbo"
      },
      "optionalDependencies": {
        "turbo-darwin-64": "1.10.16",
        "turbo-darwin-arm64": "1.10.16",
        "turbo-linux-64": "1.10.16",
        "turbo-linux-arm64": "1.10.16",
        "turbo-windows-64": "1.10.16",
        "turbo-windows-arm64": "1.10.16"
      }
    },
    "node_modules/turbo-darwin-64": {
      "version": "1.10.16",
      "resolved": "https://registry.npmjs.org/turbo-darwin-64/-/turbo-darwin-64-1.10.16.tgz",
      "integrity": "sha512-+Jk91FNcp9e9NCLYlvDDlp2HwEDp14F9N42IoW3dmHI5ZkGSXzalbhVcrx3DOox3QfiNUHxzWg4d7CnVNCuuMg==",
      "cpu": [
        "x64"
      ],
      "dev": true,
      "optional": true,
      "os": [
        "darwin"
      ]
    },
    "node_modules/turbo-darwin-arm64": {
      "version": "1.10.16",
      "resolved": "https://registry.npmjs.org/turbo-darwin-arm64/-/turbo-darwin-arm64-1.10.16.tgz",
      "integrity": "sha512-jqGpFZipIivkRp/i+jnL8npX0VssE6IAVNKtu573LXtssZdV/S+fRGYA16tI46xJGxSAivrZ/IcgZrV6Jk80bw==",
      "cpu": [
        "arm64"
      ],
      "dev": true,
      "optional": true,
      "os": [
        "darwin"
      ]
    },
    "node_modules/turbo-linux-64": {
      "version": "1.10.16",
      "resolved": "https://registry.npmjs.org/turbo-linux-64/-/turbo-linux-64-1.10.16.tgz",
      "integrity": "sha512-PpqEZHwLoizQ6sTUvmImcRmACyRk9EWLXGlqceogPZsJ1jTRK3sfcF9fC2W56zkSIzuLEP07k5kl+ZxJd8JMcg==",
      "cpu": [
        "x64"
      ],
      "dev": true,
      "optional": true,
      "os": [
        "linux"
      ]
    },
    "node_modules/turbo-linux-arm64": {
      "version": "1.10.16",
      "resolved": "https://registry.npmjs.org/turbo-linux-arm64/-/turbo-linux-arm64-1.10.16.tgz",
      "integrity": "sha512-TMjFYz8to1QE0fKVXCIvG/4giyfnmqcQIwjdNfJvKjBxn22PpbjeuFuQ5kNXshUTRaTJihFbuuCcb5OYFNx4uw==",
      "cpu": [
        "arm64"
      ],
      "dev": true,
      "optional": true,
      "os": [
        "linux"
      ]
    },
    "node_modules/turbo-windows-64": {
      "version": "1.10.16",
      "resolved": "https://registry.npmjs.org/turbo-windows-64/-/turbo-windows-64-1.10.16.tgz",
      "integrity": "sha512-+jsf68krs0N66FfC4/zZvioUap/Tq3sPFumnMV+EBo8jFdqs4yehd6+MxIwYTjSQLIcpH8KoNMB0gQYhJRLZzw==",
      "cpu": [
        "x64"
      ],
      "dev": true,
      "optional": true,
      "os": [
        "win32"
      ]
    },
    "node_modules/turbo-windows-arm64": {
      "version": "1.10.16",
      "resolved": "https://registry.npmjs.org/turbo-windows-arm64/-/turbo-windows-arm64-1.10.16.tgz",
      "integrity": "sha512-sKm3hcMM1bl0B3PLG4ifidicOGfoJmOEacM5JtgBkYM48ncMHjkHfFY7HrJHZHUnXM4l05RQTpLFoOl/uIo2HQ==",
      "cpu": [
        "arm64"
      ],
      "dev": true,
      "optional": true,
      "os": [
        "win32"
      ]
    }
  }
}
